
Microsoft Visual Studio Solution File, Format Version 12.00
# Visual Studio Version 17
VisualStudioVersion = 17.9.34622.214
MinimumVisualStudioVersion = 10.0.40219.1
Project("{FAE04EC0-301F-11D3-BF4B-00C04F79EFBC}") = "Ressources.Back", "Ressources.Back\Ressources.Back.csproj", "{A98DECBF-772C-4663-BE3E-AF5B27656C95}"
EndProject
Project("{FAE04EC0-301F-11D3-BF4B-00C04F79EFBC}") = "Ressources.Back.Api", "Ressources.Back.Api\Ressources.Back.Api.csproj", "{4E14A7A0-F04F-46EE-A457-4B45076513D4}"
EndProject
Project("{FAE04EC0-301F-11D3-BF4B-00C04F79EFBC}") = "Ressources.Back.Data", "Ressources.Back.Data\Ressources.Back.Data.csproj", "{975A4CD2-28ED-4F36-AA54-24E568B0D8BC}"
EndProject
Global
	GlobalSection(SolutionConfigurationPlatforms) = preSolution
		Debug|Any CPU = Debug|Any CPU
		Release|Any CPU = Release|Any CPU
	EndGlobalSection
	GlobalSection(ProjectConfigurationPlatforms) = postSolution
		{A98DECBF-772C-4663-BE3E-AF5B27656C95}.Debug|Any CPU.ActiveCfg = Debug|Any CPU
		{A98DECBF-772C-4663-BE3E-AF5B27656C95}.Debug|Any CPU.Build.0 = Debug|Any CPU
		{A98DECBF-772C-4663-BE3E-AF5B27656C95}.Release|Any CPU.ActiveCfg = Release|Any CPU
		{A98DECBF-772C-4663-BE3E-AF5B27656C95}.Release|Any CPU.Build.0 = Release|Any CPU
		{4E14A7A0-F04F-46EE-A457-4B45076513D4}.Debug|Any CPU.ActiveCfg = Debug|Any CPU
		{4E14A7A0-F04F-46EE-A457-4B45076513D4}.Debug|Any CPU.Build.0 = Debug|Any CPU
		{4E14A7A0-F04F-46EE-A457-4B45076513D4}.Release|Any CPU.ActiveCfg = Release|Any CPU
		{4E14A7A0-F04F-46EE-A457-4B45076513D4}.Release|Any CPU.Build.0 = Release|Any CPU
		{975A4CD2-28ED-4F36-AA54-24E568B0D8BC}.Debug|Any CPU.ActiveCfg = Debug|Any CPU
		{975A4CD2-28ED-4F36-AA54-24E568B0D8BC}.Debug|Any CPU.Build.0 = Debug|Any CPU
		{975A4CD2-28ED-4F36-AA54-24E568B0D8BC}.Release|Any CPU.ActiveCfg = Release|Any CPU
		{975A4CD2-28ED-4F36-AA54-24E568B0D8BC}.Release|Any CPU.Build.0 = Release|Any CPU
	EndGlobalSection
	GlobalSection(SolutionProperties) = preSolution
		HideSolutionNode = FALSE
	EndGlobalSection
	GlobalSection(ExtensibilityGlobals) = postSolution
		SolutionGuid = {7A480A88-5F81-4BBB-967C-D7D5A060A6C4}
	EndGlobalSection
EndGlobal
